Microsoft Visual Studio Solution File, Format Version 12.00
# Visual Studio Version 17
VisualStudioVersion = 17.5.2.0
MinimumVisualStudioVersion = 10.0.40219.1
Project("{FAE04EC0-301F-11D3-BF4B-00C04F79EFBC}") = "DotNetConsumer", "dotnet-consumer\DotNetConsumer.csproj", "{50ECF156-BA6E-9AB8-3772-D064062CCDFB}"
EndProject
Global
	GlobalSection(SolutionConfigurationPlatforms) = preSolution
		Debug|Any CPU = Debug|Any CPU
		Release|Any CPU = Release|Any CPU
	EndGlobalSection
	GlobalSection(ProjectConfigurationPlatforms) = postSolution
		{50ECF156-BA6E-9AB8-3772-D064062CCDFB}.Debug|Any CPU.ActiveCfg = Debug|Any CPU
		{50ECF156-BA6E-9AB8-3772-D064062CCDFB}.Debug|Any CPU.Build.0 = Debug|Any CPU
		{50ECF156-BA6E-9AB8-3772-D064062CCDFB}.Release|Any CPU.ActiveCfg = Release|Any CPU
		{50ECF156-BA6E-9AB8-3772-D064062CCDFB}.Release|Any CPU.Build.0 = Release|Any CPU
	EndGlobalSection
	GlobalSection(SolutionProperties) = preSolution
		HideSolutionNode = FALSE
	EndGlobalSection
	GlobalSection(ExtensibilityGlobals) = postSolution
		SolutionGuid = {D51FC203-9FBE-406E-AC44-8476A2FA2475}
	EndGlobalSection
EndGlobal
